
Microsoft Visual Studio Solution File, Format Version 12.00
# Visual Studio Version 16
VisualStudioVersion = 16.0.31515.178
MinimumVisualStudioVersion = 10.0.40219.1
Project("{FAE04EC0-301F-11D3-BF4B-00C04F79EFBC}") = "University-HR", "University-HR\University-HR.csproj", "{286A192E-66D9-4910-B663-78D45D9F77C8}"
EndProject
Global
	GlobalSection(SolutionConfigurationPlatforms) = preSolution
		Debug|Any CPU = Debug|Any CPU
		Release|Any CPU = Release|Any CPU
	EndGlobalSection
	GlobalSection(ProjectConfigurationPlatforms) = postSolution
		{286A192E-66D9-4910-B663-78D45D9F77C8}.Debug|Any CPU.ActiveCfg = Debug|Any CPU
		{286A192E-66D9-4910-B663-78D45D9F77C8}.Debug|Any CPU.Build.0 = Debug|Any CPU
		{286A192E-66D9-4910-B663-78D45D9F77C8}.Release|Any CPU.ActiveCfg = Release|Any CPU
		{286A192E-66D9-4910-B663-78D45D9F77C8}.Release|Any CPU.Build.0 = Release|Any CPU
	EndGlobalSection
	GlobalSection(SolutionProperties) = preSolution
		HideSolutionNode = FALSE
	EndGlobalSection
	GlobalSection(ExtensibilityGlobals) = postSolution
		SolutionGuid = {C83BB05E-EDA7-48CE-8D5D-434F7CF6D3BA}
	EndGlobalSection
EndGlobal
